
Microsoft Visual Studio Solution File, Format Version 12.00
# Visual Studio Version 16
VisualStudioVersion = 16.0.29728.190
MinimumVisualStudioVersion = 10.0.40219.1
Project("{9A19103F-16F7-4668-BE54-9A1E7A4F7556}") = "Day1", "Day1\Day1.csproj", "{7F2FCFE4-2EB3-4768-918F-44C689F3A285}"
EndProject
Project("{9A19103F-16F7-4668-BE54-9A1E7A4F7556}") = "Day2", "Day2\Day2.csproj", "{93D3A646-41A1-46E7-9EAA-837822ED55E6}"
EndProject
Project("{9A19103F-16F7-4668-BE54-9A1E7A4F7556}") = "Day3", "Day3\Day3.csproj", "{594D3988-3773-4D2B-A36E-FBE4C1E01170}"
EndProject
Project("{9A19103F-16F7-4668-BE54-9A1E7A4F7556}") = "Day4", "Day4\Day4.csproj", "{5474B046-512A-428C-ACBD-13ED10B42254}"
EndProject
Project("{9A19103F-16F7-4668-BE54-9A1E7A4F7556}") = "Day5", "Day5\Day5.csproj", "{00A4B5D0-C11A-4DD1-96B0-3E56837DB96A}"
EndProject
Project("{9A19103F-16F7-4668-BE54-9A1E7A4F7556}") = "Day6", "Day6\Day6.csproj", "{FD66326A-1C69-4A85-94CF-7AFF40FDA6EA}"
EndProject
Project("{9A19103F-16F7-4668-BE54-9A1E7A4F7556}") = "Day7", "Day7\Day7.csproj", "{65AEB696-1BE1-4C43-8A09-CEE8CAF24088}"
EndProject
Project("{9A19103F-16F7-4668-BE54-9A1E7A4F7556}") = "Day8", "Day8\Day8.csproj", "{03A798BF-D6E2-470F-BC24-A01EB88FE3CC}"
EndProject
Project("{9A19103F-16F7-4668-BE54-9A1E7A4F7556}") = "Day9", "Day9\Day9.csproj", "{EF81A3EE-F208-4984-8F07-588E69B55581}"
EndProject
Project("{9A19103F-16F7-4668-BE54-9A1E7A4F7556}") = "Day10", "Day10\Day10.csproj", "{A6A5D306-0AA2-4150-BBD5-D64753351D7F}"
EndProject
Project("{9A19103F-16F7-4668-BE54-9A1E7A4F7556}") = "Day12", "Day12\Day12.csproj", "{973F5451-0D5B-46E4-8669-F3989EA45BE0}"
EndProject
Project("{9A19103F-16F7-4668-BE54-9A1E7A4F7556}") = "Day11", "Day11\Day11.csproj", "{3975C488-85DB-4864-890B-96D194635876}"
EndProject
Project("{9A19103F-16F7-4668-BE54-9A1E7A4F7556}") = "Day13", "Day13\Day13.csproj", "{4FFD5159-DDC8-48B9-BCD5-AE26C594AD50}"
EndProject
Project("{9A19103F-16F7-4668-BE54-9A1E7A4F7556}") = "Day14", "Day14\Day14.csproj", "{C8CDF4F5-F0BD-4480-A860-8DA5F57128BF}"
EndProject
Project("{9A19103F-16F7-4668-BE54-9A1E7A4F7556}") = "Day15", "Day15\Day15.csproj", "{13E63427-EB2A-4B4A-AF2F-D94C7671CCC0}"
EndProject
Project("{FAE04EC0-301F-11D3-BF4B-00C04F79EFBC}") = "Day16", "Day16\Day16.csproj", "{69805F36-3BA9-423D-B1E3-0BFB850CB102}"
EndProject
Global
	GlobalSection(SolutionConfigurationPlatforms) = preSolution
		Debug|Any CPU = Debug|Any CPU
		Release|Any CPU = Release|Any CPU
	EndGlobalSection
	GlobalSection(ProjectConfigurationPlatforms) = postSolution
		{7F2FCFE4-2EB3-4768-918F-44C689F3A285}.Debug|Any CPU.ActiveCfg = Debug|Any CPU
		{7F2FCFE4-2EB3-4768-918F-44C689F3A285}.Debug|Any CPU.Build.0 = Debug|Any CPU
		{7F2FCFE4-2EB3-4768-918F-44C689F3A285}.Release|Any CPU.ActiveCfg = Release|Any CPU
		{7F2FCFE4-2EB3-4768-918F-44C689F3A285}.Release|Any CPU.Build.0 = Release|Any CPU
		{93D3A646-41A1-46E7-9EAA-837822ED55E6}.Debug|Any CPU.ActiveCfg = Debug|Any CPU
		{93D3A646-41A1-46E7-9EAA-837822ED55E6}.Debug|Any CPU.Build.0 = Debug|Any CPU
		{93D3A646-41A1-46E7-9EAA-837822ED55E6}.Release|Any CPU.ActiveCfg = Release|Any CPU
		{93D3A646-41A1-46E7-9EAA-837822ED55E6}.Release|Any CPU.Build.0 = Release|Any CPU
		{594D3988-3773-4D2B-A36E-FBE4C1E01170}.Debug|Any CPU.ActiveCfg = Debug|Any CPU
		{594D3988-3773-4D2B-A36E-FBE4C1E01170}.Debug|Any CPU.Build.0 = Debug|Any CPU
		{594D3988-3773-4D2B-A36E-FBE4C1E01170}.Release|Any CPU.ActiveCfg = Release|Any CPU
		{594D3988-3773-4D2B-A36E-FBE4C1E01170}.Release|Any CPU.Build.0 = Release|Any CPU
		{5474B046-512A-428C-ACBD-13ED10B42254}.Debug|Any CPU.ActiveCfg = Debug|Any CPU
		{5474B046-512A-428C-ACBD-13ED10B42254}.Debug|Any CPU.Build.0 = Debug|Any CPU
		{5474B046-512A-428C-ACBD-13ED10B42254}.Release|Any CPU.ActiveCfg = Release|Any CPU
		{5474B046-512A-428C-ACBD-13ED10B42254}.Release|Any CPU.Build.0 = Release|Any CPU
		{00A4B5D0-C11A-4DD1-96B0-3E56837DB96A}.Debug|Any CPU.ActiveCfg = Debug|Any CPU
		{00A4B5D0-C11A-4DD1-96B0-3E56837DB96A}.Debug|Any CPU.Build.0 = Debug|Any CPU
		{00A4B5D0-C11A-4DD1-96B0-3E56837DB96A}.Release|Any CPU.ActiveCfg = Release|Any CPU
		{00A4B5D0-C11A-4DD1-96B0-3E56837DB96A}.Release|Any CPU.Build.0 = Release|Any CPU
		{FD66326A-1C69-4A85-94CF-7AFF40FDA6EA}.Debug|Any CPU.ActiveCfg = Debug|Any CPU
		{FD66326A-1C69-4A85-94CF-7AFF40FDA6EA}.Debug|Any CPU.Build.0 = Debug|Any CPU
		{FD66326A-1C69-4A85-94CF-7AFF40FDA6EA}.Release|Any CPU.ActiveCfg = Release|Any CPU
		{FD66326A-1C69-4A85-94CF-7AFF40FDA6EA}.Release|Any CPU.Build.0 = Release|Any CPU
		{65AEB696-1BE1-4C43-8A09-CEE8CAF24088}.Debug|Any CPU.ActiveCfg = Debug|Any CPU
		{65AEB696-1BE1-4C43-8A09-CEE8CAF24088}.Debug|Any CPU.Build.0 = Debug|Any CPU
		{65AEB696-1BE1-4C43-8A09-CEE8CAF24088}.Release|Any CPU.ActiveCfg = Release|Any CPU
		{65AEB696-1BE1-4C43-8A09-CEE8CAF24088}.Release|Any CPU.Build.0 = Release|Any CPU
		{03A798BF-D6E2-470F-BC24-A01EB88FE3CC}.Debug|Any CPU.ActiveCfg = Debug|Any CPU
		{03A798BF-D6E2-470F-BC24-A01EB88FE3CC}.Debug|Any CPU.Build.0 = Debug|Any CPU
		{03A798BF-D6E2-470F-BC24-A01EB88FE3CC}.Release|Any CPU.ActiveCfg = Release|Any CPU
		{03A798BF-D6E2-470F-BC24-A01EB88FE3CC}.Release|Any CPU.Build.0 = Release|Any CPU
		{EF81A3EE-F208-4984-8F07-588E69B55581}.Debug|Any CPU.ActiveCfg = Debug|Any CPU
		{EF81A3EE-F208-4984-8F07-588E69B55581}.Debug|Any CPU.Build.0 = Debug|Any CPU
		{EF81A3EE-F208-4984-8F07-588E69B55581}.Release|Any CPU.ActiveCfg = Release|Any CPU
		{EF81A3EE-F208-4984-8F07-588E69B55581}.Release|Any CPU.Build.0 = Release|Any CPU
		{A6A5D306-0AA2-4150-BBD5-D64753351D7F}.Debug|Any CPU.ActiveCfg = Debug|Any CPU
		{A6A5D306-0AA2-4150-BBD5-D64753351D7F}.Debug|Any CPU.Build.0 = Debug|Any CPU
		{A6A5D306-0AA2-4150-BBD5-D64753351D7F}.Release|Any CPU.ActiveCfg = Release|Any CPU
		{A6A5D306-0AA2-4150-BBD5-D64753351D7F}.Release|Any CPU.Build.0 = Release|Any CPU
		{973F5451-0D5B-46E4-8669-F3989EA45BE0}.Debug|Any CPU.ActiveCfg = Debug|Any CPU
		{973F5451-0D5B-46E4-8669-F3989EA45BE0}.Debug|Any CPU.Build.0 = Debug|Any CPU
		{973F5451-0D5B-46E4-8669-F3989EA45BE0}.Release|Any CPU.ActiveCfg = Release|Any CPU
		{973F5451-0D5B-46E4-8669-F3989EA45BE0}.Release|Any CPU.Build.0 = Release|Any CPU
		{3975C488-85DB-4864-890B-96D194635876}.Debug|Any CPU.ActiveCfg = Debug|Any CPU
		{3975C488-85DB-4864-890B-96D194635876}.Debug|Any CPU.Build.0 = Debug|Any CPU
		{3975C488-85DB-4864-890B-96D194635876}.Release|Any CPU.ActiveCfg = Release|Any CPU
		{3975C488-85DB-4864-890B-96D194635876}.Release|Any CPU.Build.0 = Release|Any CPU
		{4FFD5159-DDC8-48B9-BCD5-AE26C594AD50}.Debug|Any CPU.ActiveCfg = Debug|Any CPU
		{4FFD5159-DDC8-48B9-BCD5-AE26C594AD50}.Debug|Any CPU.Build.0 = Debug|Any CPU
		{4FFD5159-DDC8-48B9-BCD5-AE26C594AD50}.Release|Any CPU.ActiveCfg = Release|Any CPU
		{4FFD5159-DDC8-48B9-BCD5-AE26C594AD50}.Release|Any CPU.Build.0 = Release|Any CPU
		{C8CDF4F5-F0BD-4480-A860-8DA5F57128BF}.Debug|Any CPU.ActiveCfg = Debug|Any CPU
		{C8CDF4F5-F0BD-4480-A860-8DA5F57128BF}.Debug|Any CPU.Build.0 = Debug|Any CPU
		{C8CDF4F5-F0BD-4480-A860-8DA5F57128BF}.Release|Any CPU.ActiveCfg = Release|Any CPU
		{C8CDF4F5-F0BD-4480-A860-8DA5F57128BF}.Release|Any CPU.Build.0 = Release|Any CPU
		{13E63427-EB2A-4B4A-AF2F-D94C7671CCC0}.Debug|Any CPU.ActiveCfg = Debug|Any CPU
		{13E63427-EB2A-4B4A-AF2F-D94C7671CCC0}.Debug|Any CPU.Build.0 = Debug|Any CPU
		{13E63427-EB2A-4B4A-AF2F-D94C7671CCC0}.Release|Any CPU.ActiveCfg = Release|Any CPU
		{13E63427-EB2A-4B4A-AF2F-D94C7671CCC0}.Release|Any CPU.Build.0 = Release|Any CPU
		{69805F36-3BA9-423D-B1E3-0BFB850CB102}.Debug|Any CPU.ActiveCfg = Debug|Any CPU
		{69805F36-3BA9-423D-B1E3-0BFB850CB102}.Debug|Any CPU.Build.0 = Debug|Any CPU
		{69805F36-3BA9-423D-B1E3-0BFB850CB102}.Release|Any CPU.ActiveCfg = Release|Any CPU
		{69805F36-3BA9-423D-B1E3-0BFB850CB102}.Release|Any CPU.Build.0 = Release|Any CPU
	EndGlobalSection
	GlobalSection(SolutionProperties) = preSolution
		HideSolutionNode = FALSE
	EndGlobalSection
	GlobalSection(ExtensibilityGlobals) = postSolution
		SolutionGuid = {A0BAE8FD-E0C9-4AFA-B2D0-C23C16B819B3}
	EndGlobalSection
EndGlobal
